
Microsoft Visual Studio Solution File, Format Version 12.00
# Visual Studio Version 16
VisualStudioVersion = 16.0.30114.105
MinimumVisualStudioVersion = 10.0.40219.1
Project("{2150E333-8FDC-42A3-9474-1A3956D46DE8}") = "src", "src", "{16C2C934-FFCE-4E74-9D95-3305C7DA7B49}"
EndProject
Project("{FAE04EC0-301F-11D3-BF4B-00C04F79EFBC}") = "CodeDesignPlus.Core", "src\CodeDesignPlus.Core\CodeDesignPlus.Core.csproj", "{B197989A-CEE7-4D42-8FEB-B9C1BEE40330}"
EndProject
Project("{2150E333-8FDC-42A3-9474-1A3956D46DE8}") = "tests", "tests", "{84ADC030-D6D5-4279-AE5C-F5D662DA4F0B}"
EndProject
Project("{FAE04EC0-301F-11D3-BF4B-00C04F79EFBC}") = "CodeDesignPlus.Core.Test", "tests\CodeDesignPlus.Core.Test\CodeDesignPlus.Core.Test.csproj", "{1F8DB4F4-7536-43A5-A541-D7326A3E8318}"
EndProject
Project("{FAE04EC0-301F-11D3-BF4B-00C04F79EFBC}") = "CodeDesignPlus.EFCore", "src\CodeDesignPlus.EFCore\CodeDesignPlus.EFCore.csproj", "{8FA6652D-2B6C-4798-9CBF-6A075B88EB7C}"
EndProject
Project("{FAE04EC0-301F-11D3-BF4B-00C04F79EFBC}") = "CodeDesignPlus.Abstractions", "tests\CodeDesignPlus.Abstractions\CodeDesignPlus.Abstractions.csproj", "{B7143116-327A-4AE1-B69A-B8F0D98E1F2B}"
EndProject
Project("{FAE04EC0-301F-11D3-BF4B-00C04F79EFBC}") = "CodeDesignPlus.EFCore.Test", "tests\CodeDesignPlus.EFCore.Test\CodeDesignPlus.EFCore.Test.csproj", "{C4277135-4994-4B5C-8606-F1EAFFF84106}"
EndProject
Project("{FAE04EC0-301F-11D3-BF4B-00C04F79EFBC}") = "CodeDesignPlus.Entities", "tests\CodeDesignPlus.Entities\CodeDesignPlus.Entities.csproj", "{81A29682-C6B1-44D1-9A5A-446A8EE6AE32}"
EndProject
Project("{FAE04EC0-301F-11D3-BF4B-00C04F79EFBC}") = "CodeDesignPlus.InMemory", "tests\CodeDesignPlus.InMemory\CodeDesignPlus.InMemory.csproj", "{99FA4E27-491A-47F2-9916-2A6E0C7ED860}"
EndProject
Global
	GlobalSection(SolutionConfigurationPlatforms) = preSolution
		Debug|Any CPU = Debug|Any CPU
		Release|Any CPU = Release|Any CPU
	EndGlobalSection
	GlobalSection(SolutionProperties) = preSolution
		HideSolutionNode = FALSE
	EndGlobalSection
	GlobalSection(ProjectConfigurationPlatforms) = postSolution
		{B197989A-CEE7-4D42-8FEB-B9C1BEE40330}.Debug|Any CPU.ActiveCfg = Debug|Any CPU
		{B197989A-CEE7-4D42-8FEB-B9C1BEE40330}.Debug|Any CPU.Build.0 = Debug|Any CPU
		{B197989A-CEE7-4D42-8FEB-B9C1BEE40330}.Release|Any CPU.ActiveCfg = Release|Any CPU
		{B197989A-CEE7-4D42-8FEB-B9C1BEE40330}.Release|Any CPU.Build.0 = Release|Any CPU
		{1F8DB4F4-7536-43A5-A541-D7326A3E8318}.Debug|Any CPU.ActiveCfg = Debug|Any CPU
		{1F8DB4F4-7536-43A5-A541-D7326A3E8318}.Debug|Any CPU.Build.0 = Debug|Any CPU
		{1F8DB4F4-7536-43A5-A541-D7326A3E8318}.Release|Any CPU.ActiveCfg = Release|Any CPU
		{1F8DB4F4-7536-43A5-A541-D7326A3E8318}.Release|Any CPU.Build.0 = Release|Any CPU
		{8FA6652D-2B6C-4798-9CBF-6A075B88EB7C}.Debug|Any CPU.ActiveCfg = Debug|Any CPU
		{8FA6652D-2B6C-4798-9CBF-6A075B88EB7C}.Debug|Any CPU.Build.0 = Debug|Any CPU
		{8FA6652D-2B6C-4798-9CBF-6A075B88EB7C}.Release|Any CPU.ActiveCfg = Release|Any CPU
		{8FA6652D-2B6C-4798-9CBF-6A075B88EB7C}.Release|Any CPU.Build.0 = Release|Any CPU
		{B7143116-327A-4AE1-B69A-B8F0D98E1F2B}.Debug|Any CPU.ActiveCfg = Debug|Any CPU
		{B7143116-327A-4AE1-B69A-B8F0D98E1F2B}.Debug|Any CPU.Build.0 = Debug|Any CPU
		{B7143116-327A-4AE1-B69A-B8F0D98E1F2B}.Release|Any CPU.ActiveCfg = Release|Any CPU
		{B7143116-327A-4AE1-B69A-B8F0D98E1F2B}.Release|Any CPU.Build.0 = Release|Any CPU
		{C4277135-4994-4B5C-8606-F1EAFFF84106}.Debug|Any CPU.ActiveCfg = Debug|Any CPU
		{C4277135-4994-4B5C-8606-F1EAFFF84106}.Debug|Any CPU.Build.0 = Debug|Any CPU
		{C4277135-4994-4B5C-8606-F1EAFFF84106}.Release|Any CPU.ActiveCfg = Release|Any CPU
		{C4277135-4994-4B5C-8606-F1EAFFF84106}.Release|Any CPU.Build.0 = Release|Any CPU
		{81A29682-C6B1-44D1-9A5A-446A8EE6AE32}.Debug|Any CPU.ActiveCfg = Debug|Any CPU
		{81A29682-C6B1-44D1-9A5A-446A8EE6AE32}.Debug|Any CPU.Build.0 = Debug|Any CPU
		{81A29682-C6B1-44D1-9A5A-446A8EE6AE32}.Release|Any CPU.ActiveCfg = Release|Any CPU
		{81A29682-C6B1-44D1-9A5A-446A8EE6AE32}.Release|Any CPU.Build.0 = Release|Any CPU
		{99FA4E27-491A-47F2-9916-2A6E0C7ED860}.Debug|Any CPU.ActiveCfg = Debug|Any CPU
		{99FA4E27-491A-47F2-9916-2A6E0C7ED860}.Debug|Any CPU.Build.0 = Debug|Any CPU
		{99FA4E27-491A-47F2-9916-2A6E0C7ED860}.Release|Any CPU.ActiveCfg = Release|Any CPU
		{99FA4E27-491A-47F2-9916-2A6E0C7ED860}.Release|Any CPU.Build.0 = Release|Any CPU
	EndGlobalSection
	GlobalSection(NestedProjects) = preSolution
		{B197989A-CEE7-4D42-8FEB-B9C1BEE40330} = {16C2C934-FFCE-4E74-9D95-3305C7DA7B49}
		{1F8DB4F4-7536-43A5-A541-D7326A3E8318} = {84ADC030-D6D5-4279-AE5C-F5D662DA4F0B}
		{8FA6652D-2B6C-4798-9CBF-6A075B88EB7C} = {16C2C934-FFCE-4E74-9D95-3305C7DA7B49}
		{B7143116-327A-4AE1-B69A-B8F0D98E1F2B} = {84ADC030-D6D5-4279-AE5C-F5D662DA4F0B}
		{C4277135-4994-4B5C-8606-F1EAFFF84106} = {84ADC030-D6D5-4279-AE5C-F5D662DA4F0B}
		{81A29682-C6B1-44D1-9A5A-446A8EE6AE32} = {84ADC030-D6D5-4279-AE5C-F5D662DA4F0B}
		{99FA4E27-491A-47F2-9916-2A6E0C7ED860} = {84ADC030-D6D5-4279-AE5C-F5D662DA4F0B}
	EndGlobalSection
EndGlobal
